
Microsoft Visual Studio Solution File, Format Version 12.00
# Visual Studio Version 17
VisualStudioVersion = 17.9.34728.123
MinimumVisualStudioVersion = 10.0.40219.1
Project("{FAE04EC0-301F-11D3-BF4B-00C04F79EFBC}") = "OnatrixCMS", "OnatrixCMS\OnatrixCMS.csproj", "{7ACC4301-1D4C-429F-A01F-7515521A5FA7}"
EndProject
Global
	GlobalSection(SolutionConfigurationPlatforms) = preSolution
		Debug|Any CPU = Debug|Any CPU
		Release|Any CPU = Release|Any CPU
	EndGlobalSection
	GlobalSection(ProjectConfigurationPlatforms) = postSolution
		{7ACC4301-1D4C-429F-A01F-7515521A5FA7}.Debug|Any CPU.ActiveCfg = Debug|Any CPU
		{7ACC4301-1D4C-429F-A01F-7515521A5FA7}.Debug|Any CPU.Build.0 = Debug|Any CPU
		{7ACC4301-1D4C-429F-A01F-7515521A5FA7}.Release|Any CPU.ActiveCfg = Release|Any CPU
		{7ACC4301-1D4C-429F-A01F-7515521A5FA7}.Release|Any CPU.Build.0 = Release|Any CPU
	EndGlobalSection
	GlobalSection(SolutionProperties) = preSolution
		HideSolutionNode = FALSE
	EndGlobalSection
	GlobalSection(ExtensibilityGlobals) = postSolution
		SolutionGuid = {D4D9F4BB-2818-4540-8637-186950D36930}
	EndGlobalSection
EndGlobal
